
Microsoft Visual Studio Solution File, Format Version 12.00
# Visual Studio Version 16
VisualStudioVersion = 16.0.31424.327
MinimumVisualStudioVersion = 10.0.40219.1
Project("{9A19103F-16F7-4668-BE54-9A1E7A4F7556}") = "ProyectoFinal_DAW", "ProyectoFinal_DAW\ProyectoFinal_DAW.csproj", "{99EBC32C-A3A9-43AF-AD59-7D70E43599DB}"
EndProject
Global
	GlobalSection(SolutionConfigurationPlatforms) = preSolution
		Debug|Any CPU = Debug|Any CPU
		Release|Any CPU = Release|Any CPU
	EndGlobalSection
	GlobalSection(ProjectConfigurationPlatforms) = postSolution
		{99EBC32C-A3A9-43AF-AD59-7D70E43599DB}.Debug|Any CPU.ActiveCfg = Debug|Any CPU
		{99EBC32C-A3A9-43AF-AD59-7D70E43599DB}.Debug|Any CPU.Build.0 = Debug|Any CPU
		{99EBC32C-A3A9-43AF-AD59-7D70E43599DB}.Release|Any CPU.ActiveCfg = Release|Any CPU
		{99EBC32C-A3A9-43AF-AD59-7D70E43599DB}.Release|Any CPU.Build.0 = Release|Any CPU
	EndGlobalSection
	GlobalSection(SolutionProperties) = preSolution
		HideSolutionNode = FALSE
	EndGlobalSection
	GlobalSection(ExtensibilityGlobals) = postSolution
		SolutionGuid = {713C1734-A02A-4A05-A5EC-E9AA461A4266}
	EndGlobalSection
	GlobalSection(TeamFoundationVersionControl) = preSolution
		SccNumberOfProjects = 2
		SccEnterpriseProvider = {4CA58AB2-18FA-4F8D-95D4-32DDF27D184C}
		SccTeamFoundationServer = https://dev.azure.com/organizaciondaw
		SccLocalPath0 = .
		SccProjectUniqueName1 = ProyectoFinal_DAW\\ProyectoFinal_DAW.csproj
		SccProjectName1 = ProyectoFinal_DAW
		SccLocalPath1 = ProyectoFinal_DAW
	EndGlobalSection
EndGlobal
